
Microsoft Visual Studio Solution File, Format Version 12.00
# Visual Studio 14
VisualStudioVersion = 14.0.25420.1
MinimumVisualStudioVersion = 10.0.40219.1
Project("{FAE04EC0-301F-11D3-BF4B-00C04F79EFBC}") = "Esim01", "Demo05\Esim01.csproj", "{F3272A6C-661A-4391-90FC-9744E274DBD0}"
EndProject
Project("{FAE04EC0-301F-11D3-BF4B-00C04F79EFBC}") = "CD02", "CD02\CD02.csproj", "{9812ADA1-D445-401A-9D15-2C8AFC5B92A3}"
EndProject
Project("{FAE04EC0-301F-11D3-BF4B-00C04F79EFBC}") = "MusicCollection03", "MusicCollection03\MusicCollection03.csproj", "{65AB9DED-1D2E-4CEB-83F9-2BA50EC61CEA}"
EndProject
Global
	GlobalSection(SolutionConfigurationPlatforms) = preSolution
		Debug|Any CPU = Debug|Any CPU
		Release|Any CPU = Release|Any CPU
	EndGlobalSection
	GlobalSection(ProjectConfigurationPlatforms) = postSolution
		{F3272A6C-661A-4391-90FC-9744E274DBD0}.Debug|Any CPU.ActiveCfg = Debug|Any CPU
		{F3272A6C-661A-4391-90FC-9744E274DBD0}.Debug|Any CPU.Build.0 = Debug|Any CPU
		{F3272A6C-661A-4391-90FC-9744E274DBD0}.Release|Any CPU.ActiveCfg = Release|Any CPU
		{F3272A6C-661A-4391-90FC-9744E274DBD0}.Release|Any CPU.Build.0 = Release|Any CPU
		{9812ADA1-D445-401A-9D15-2C8AFC5B92A3}.Debug|Any CPU.ActiveCfg = Debug|Any CPU
		{9812ADA1-D445-401A-9D15-2C8AFC5B92A3}.Debug|Any CPU.Build.0 = Debug|Any CPU
		{9812ADA1-D445-401A-9D15-2C8AFC5B92A3}.Release|Any CPU.ActiveCfg = Release|Any CPU
		{9812ADA1-D445-401A-9D15-2C8AFC5B92A3}.Release|Any CPU.Build.0 = Release|Any CPU
		{65AB9DED-1D2E-4CEB-83F9-2BA50EC61CEA}.Debug|Any CPU.ActiveCfg = Debug|Any CPU
		{65AB9DED-1D2E-4CEB-83F9-2BA50EC61CEA}.Debug|Any CPU.Build.0 = Debug|Any CPU
		{65AB9DED-1D2E-4CEB-83F9-2BA50EC61CEA}.Release|Any CPU.ActiveCfg = Release|Any CPU
		{65AB9DED-1D2E-4CEB-83F9-2BA50EC61CEA}.Release|Any CPU.Build.0 = Release|Any CPU
	EndGlobalSection
	GlobalSection(SolutionProperties) = preSolution
		HideSolutionNode = FALSE
	EndGlobalSection
EndGlobal
